
Microsoft Visual Studio Solution File, Format Version 12.00
# Visual Studio Version 17
VisualStudioVersion = 17.7.34024.191
MinimumVisualStudioVersion = 10.0.40219.1
Project("{FAE04EC0-301F-11D3-BF4B-00C04F79EFBC}") = "CollegeManagementSystem", "CollegeManagementSystem\CollegeManagementSystem.csproj", "{16625318-7963-452E-87BB-0248379358BB}"
EndProject
Global
	GlobalSection(SolutionConfigurationPlatforms) = preSolution
		Debug|Any CPU = Debug|Any CPU
		Release|Any CPU = Release|Any CPU
	EndGlobalSection
	GlobalSection(ProjectConfigurationPlatforms) = postSolution
		{16625318-7963-452E-87BB-0248379358BB}.Debug|Any CPU.ActiveCfg = Debug|Any CPU
		{16625318-7963-452E-87BB-0248379358BB}.Debug|Any CPU.Build.0 = Debug|Any CPU
		{16625318-7963-452E-87BB-0248379358BB}.Release|Any CPU.ActiveCfg = Release|Any CPU
		{16625318-7963-452E-87BB-0248379358BB}.Release|Any CPU.Build.0 = Release|Any CPU
	EndGlobalSection
	GlobalSection(SolutionProperties) = preSolution
		HideSolutionNode = FALSE
	EndGlobalSection
	GlobalSection(ExtensibilityGlobals) = postSolution
		SolutionGuid = {4EC8F3F8-00D9-47D6-B50A-2EB750146B2C}
	EndGlobalSection
EndGlobal
